
Microsoft Visual Studio Solution File, Format Version 12.00
# Visual Studio 15
Project("{FAE04EC0-301F-11D3-BF4B-00C04F79EFBC}") = "Assembly-CSharp", "Assembly-CSharp.csproj", "{7147289D-BBD7-54E9-DCF9-4CAF06D93324}"
EndProject
Project("{FAE04EC0-301F-11D3-BF4B-00C04F79EFBC}") = "PathCreator", "PathCreator.csproj", "{B9E92869-9674-7B93-D4E7-20A4B00E0D98}"
EndProject
Project("{FAE04EC0-301F-11D3-BF4B-00C04F79EFBC}") = "GameEngine.Modules", "GameEngine.Modules.csproj", "{274B8AEC-D519-3677-4926-FA02B02B8FE1}"
EndProject
Project("{FAE04EC0-301F-11D3-BF4B-00C04F79EFBC}") = "PathCreatorEditor", "PathCreatorEditor.csproj", "{2A6C03D0-863F-5C3D-EE3A-1E7F04DF6327}"
EndProject
Project("{FAE04EC0-301F-11D3-BF4B-00C04F79EFBC}") = "Assembly-CSharp-Editor", "Assembly-CSharp-Editor.csproj", "{87F58712-AA9B-7DB2-2355-009A809E5D11}"
EndProject
Global
	GlobalSection(SolutionConfigurationPlatforms) = preSolution
		Debug|Any CPU = Debug|Any CPU
		Release|Any CPU = Release|Any CPU
	EndGlobalSection
	GlobalSection(ProjectConfigurationPlatforms) = postSolution
		{7147289D-BBD7-54E9-DCF9-4CAF06D93324}.Debug|Any CPU.ActiveCfg = Debug|Any CPU
		{7147289D-BBD7-54E9-DCF9-4CAF06D93324}.Debug|Any CPU.Build.0 = Debug|Any CPU
		{7147289D-BBD7-54E9-DCF9-4CAF06D93324}.Release|Any CPU.ActiveCfg = Release|Any CPU
		{7147289D-BBD7-54E9-DCF9-4CAF06D93324}.Release|Any CPU.Build.0 = Release|Any CPU
		{B9E92869-9674-7B93-D4E7-20A4B00E0D98}.Debug|Any CPU.ActiveCfg = Debug|Any CPU
		{B9E92869-9674-7B93-D4E7-20A4B00E0D98}.Debug|Any CPU.Build.0 = Debug|Any CPU
		{B9E92869-9674-7B93-D4E7-20A4B00E0D98}.Release|Any CPU.ActiveCfg = Release|Any CPU
		{B9E92869-9674-7B93-D4E7-20A4B00E0D98}.Release|Any CPU.Build.0 = Release|Any CPU
		{274B8AEC-D519-3677-4926-FA02B02B8FE1}.Debug|Any CPU.ActiveCfg = Debug|Any CPU
		{274B8AEC-D519-3677-4926-FA02B02B8FE1}.Debug|Any CPU.Build.0 = Debug|Any CPU
		{274B8AEC-D519-3677-4926-FA02B02B8FE1}.Release|Any CPU.ActiveCfg = Release|Any CPU
		{274B8AEC-D519-3677-4926-FA02B02B8FE1}.Release|Any CPU.Build.0 = Release|Any CPU
		{2A6C03D0-863F-5C3D-EE3A-1E7F04DF6327}.Debug|Any CPU.ActiveCfg = Debug|Any CPU
		{2A6C03D0-863F-5C3D-EE3A-1E7F04DF6327}.Debug|Any CPU.Build.0 = Debug|Any CPU
		{2A6C03D0-863F-5C3D-EE3A-1E7F04DF6327}.Release|Any CPU.ActiveCfg = Release|Any CPU
		{2A6C03D0-863F-5C3D-EE3A-1E7F04DF6327}.Release|Any CPU.Build.0 = Release|Any CPU
		{87F58712-AA9B-7DB2-2355-009A809E5D11}.Debug|Any CPU.ActiveCfg = Debug|Any CPU
		{87F58712-AA9B-7DB2-2355-009A809E5D11}.Debug|Any CPU.Build.0 = Debug|Any CPU
		{87F58712-AA9B-7DB2-2355-009A809E5D11}.Release|Any CPU.ActiveCfg = Release|Any CPU
		{87F58712-AA9B-7DB2-2355-009A809E5D11}.Release|Any CPU.Build.0 = Release|Any CPU
	EndGlobalSection
	GlobalSection(SolutionProperties) = preSolution
		HideSolutionNode = FALSE
	EndGlobalSection
EndGlobal
